
Microsoft Visual Studio Solution File, Format Version 12.00
Project("{FAE04EC0-301F-11D3-BF4B-00C04F79EFBC}") = "Directum.Backend.Core", "Directum.Backend.Core\Directum.Backend.Core.csproj", "{36E23379-D4FB-48C6-9678-7A977BD331A8}"
EndProject
Project("{FAE04EC0-301F-11D3-BF4B-00C04F79EFBC}") = "Directum.Backend.Infrastructure", "Directum.Backend.Infrastructure\Directum.Backend.Infrastructure.csproj", "{9A329E6A-B1F1-4DFA-92EC-713CCBDDC1CF}"
EndProject
Project("{FAE04EC0-301F-11D3-BF4B-00C04F79EFBC}") = "Directum.Backend.Tests", "Directum.Backend.Tests\Directum.Backend.Tests.csproj", "{79588C71-D0A6-40BF-8B84-5A43232B4DC3}"
EndProject
Project("{FAE04EC0-301F-11D3-BF4B-00C04F79EFBC}") = "Directum.Backend.API", "Directum.Backend.API\Directum.Backend.API.csproj", "{6B5F8609-2A97-4310-A592-90B2BB5AE56C}"
EndProject
Global
	GlobalSection(SolutionConfigurationPlatforms) = preSolution
		Debug|Any CPU = Debug|Any CPU
		Release|Any CPU = Release|Any CPU
	EndGlobalSection
	GlobalSection(ProjectConfigurationPlatforms) = postSolution
		{36E23379-D4FB-48C6-9678-7A977BD331A8}.Debug|Any CPU.ActiveCfg = Debug|Any CPU
		{36E23379-D4FB-48C6-9678-7A977BD331A8}.Debug|Any CPU.Build.0 = Debug|Any CPU
		{36E23379-D4FB-48C6-9678-7A977BD331A8}.Release|Any CPU.ActiveCfg = Release|Any CPU
		{36E23379-D4FB-48C6-9678-7A977BD331A8}.Release|Any CPU.Build.0 = Release|Any CPU
		{9A329E6A-B1F1-4DFA-92EC-713CCBDDC1CF}.Debug|Any CPU.ActiveCfg = Debug|Any CPU
		{9A329E6A-B1F1-4DFA-92EC-713CCBDDC1CF}.Debug|Any CPU.Build.0 = Debug|Any CPU
		{9A329E6A-B1F1-4DFA-92EC-713CCBDDC1CF}.Release|Any CPU.ActiveCfg = Release|Any CPU
		{9A329E6A-B1F1-4DFA-92EC-713CCBDDC1CF}.Release|Any CPU.Build.0 = Release|Any CPU
		{79588C71-D0A6-40BF-8B84-5A43232B4DC3}.Debug|Any CPU.ActiveCfg = Debug|Any CPU
		{79588C71-D0A6-40BF-8B84-5A43232B4DC3}.Debug|Any CPU.Build.0 = Debug|Any CPU
		{79588C71-D0A6-40BF-8B84-5A43232B4DC3}.Release|Any CPU.ActiveCfg = Release|Any CPU
		{79588C71-D0A6-40BF-8B84-5A43232B4DC3}.Release|Any CPU.Build.0 = Release|Any CPU
		{6B5F8609-2A97-4310-A592-90B2BB5AE56C}.Debug|Any CPU.ActiveCfg = Debug|Any CPU
		{6B5F8609-2A97-4310-A592-90B2BB5AE56C}.Debug|Any CPU.Build.0 = Debug|Any CPU
		{6B5F8609-2A97-4310-A592-90B2BB5AE56C}.Release|Any CPU.ActiveCfg = Release|Any CPU
		{6B5F8609-2A97-4310-A592-90B2BB5AE56C}.Release|Any CPU.Build.0 = Release|Any CPU
	EndGlobalSection
EndGlobal
